
Microsoft Visual Studio Solution File, Format Version 12.00
# Visual Studio Version 17
VisualStudioVersion = 17.3.32929.385
MinimumVisualStudioVersion = 10.0.40219.1
Project("{9A19103F-16F7-4668-BE54-9A1E7A4F7556}") = "aplikacja_zdjecia_z_wakacji", "aplikacja_zdjecia_z_wakacji.csproj", "{7B971755-2904-409D-9532-127FBE283861}"
EndProject
Project("{FAE04EC0-301F-11D3-BF4B-00C04F79EFBC}") = "aplikacja-zdjecia-z-wakacji-test", "..\aplikacja-zdjecia-z-wakacji-test\aplikacja-zdjecia-z-wakacji-test.csproj", "{4154FB9A-DD41-4C8B-9821-F1922028200A}"
EndProject
Global
	GlobalSection(SolutionConfigurationPlatforms) = preSolution
		Debug|Any CPU = Debug|Any CPU
		Release|Any CPU = Release|Any CPU
	EndGlobalSection
	GlobalSection(ProjectConfigurationPlatforms) = postSolution
		{7B971755-2904-409D-9532-127FBE283861}.Debug|Any CPU.ActiveCfg = Debug|Any CPU
		{7B971755-2904-409D-9532-127FBE283861}.Debug|Any CPU.Build.0 = Debug|Any CPU
		{7B971755-2904-409D-9532-127FBE283861}.Release|Any CPU.ActiveCfg = Release|Any CPU
		{7B971755-2904-409D-9532-127FBE283861}.Release|Any CPU.Build.0 = Release|Any CPU
		{4154FB9A-DD41-4C8B-9821-F1922028200A}.Debug|Any CPU.ActiveCfg = Debug|Any CPU
		{4154FB9A-DD41-4C8B-9821-F1922028200A}.Debug|Any CPU.Build.0 = Debug|Any CPU
		{4154FB9A-DD41-4C8B-9821-F1922028200A}.Release|Any CPU.ActiveCfg = Release|Any CPU
		{4154FB9A-DD41-4C8B-9821-F1922028200A}.Release|Any CPU.Build.0 = Release|Any CPU
	EndGlobalSection
	GlobalSection(SolutionProperties) = preSolution
		HideSolutionNode = FALSE
	EndGlobalSection
	GlobalSection(ExtensibilityGlobals) = postSolution
		SolutionGuid = {70B8E8F8-19D3-4075-840C-C3C0020E8FBF}
	EndGlobalSection
EndGlobal
